
Microsoft Visual Studio Solution File, Format Version 12.00
# Visual Studio Version 16
VisualStudioVersion = 16.0.31729.503
MinimumVisualStudioVersion = 10.0.40219.1
Project("{FAE04EC0-301F-11D3-BF4B-00C04F79EFBC}") = "backend1_uppgift_WebApi", "backend1_uppgift_WebApi\backend1_uppgift_WebApi.csproj", "{F497AD49-64D8-440B-AAD9-3FC2D0895280}"
EndProject
Global
	GlobalSection(SolutionConfigurationPlatforms) = preSolution
		Debug|Any CPU = Debug|Any CPU
		Release|Any CPU = Release|Any CPU
	EndGlobalSection
	GlobalSection(ProjectConfigurationPlatforms) = postSolution
		{F497AD49-64D8-440B-AAD9-3FC2D0895280}.Debug|Any CPU.ActiveCfg = Debug|Any CPU
		{F497AD49-64D8-440B-AAD9-3FC2D0895280}.Debug|Any CPU.Build.0 = Debug|Any CPU
		{F497AD49-64D8-440B-AAD9-3FC2D0895280}.Release|Any CPU.ActiveCfg = Release|Any CPU
		{F497AD49-64D8-440B-AAD9-3FC2D0895280}.Release|Any CPU.Build.0 = Release|Any CPU
	EndGlobalSection
	GlobalSection(SolutionProperties) = preSolution
		HideSolutionNode = FALSE
	EndGlobalSection
	GlobalSection(ExtensibilityGlobals) = postSolution
		SolutionGuid = {538C4845-50E5-4D0A-9FA2-586DE5437992}
	EndGlobalSection
EndGlobal
